
Microsoft Visual Studio Solution File, Format Version 12.00
# Visual Studio 2015
Project("{FAE04EC0-301F-11D3-BF4B-00C04F79EFBC}") = "455-LAB-01-FUNKYTOWN.CSharp", "455-LAB-01-FUNKYTOWN.CSharp.csproj", "{82FB9FC0-48B6-DF17-DA17-EB5AD7A4141B}"
EndProject
Global
	GlobalSection(SolutionConfigurationPlatforms) = preSolution
		Debug|Any CPU = Debug|Any CPU
		Release|Any CPU = Release|Any CPU
	EndGlobalSection
	GlobalSection(ProjectConfigurationPlatforms) = postSolution
		{82FB9FC0-48B6-DF17-DA17-EB5AD7A4141B}.Debug|Any CPU.ActiveCfg = Debug|Any CPU
		{82FB9FC0-48B6-DF17-DA17-EB5AD7A4141B}.Debug|Any CPU.Build.0 = Debug|Any CPU
		{82FB9FC0-48B6-DF17-DA17-EB5AD7A4141B}.Release|Any CPU.ActiveCfg = Release|Any CPU
		{82FB9FC0-48B6-DF17-DA17-EB5AD7A4141B}.Release|Any CPU.Build.0 = Release|Any CPU
	EndGlobalSection
	GlobalSection(SolutionProperties) = preSolution
		HideSolutionNode = FALSE
	EndGlobalSection
EndGlobal
