
Microsoft Visual Studio Solution File, Format Version 12.00
# Visual Studio 2015
Project("{FAE04EC0-301F-11D3-BF4B-00C04F79EFBC}") = "Directionator.CSharp", "Directionator.CSharp.csproj", "{B454391E-CE79-C02A-9604-6077DE6E0953}"
EndProject
Project("{FAE04EC0-301F-11D3-BF4B-00C04F79EFBC}") = "Directionator.CSharp.Editor", "Directionator.CSharp.Editor.csproj", "{77AB885F-4266-AAF2-A9E0-7F1CE296A5D9}"
EndProject
Global
	GlobalSection(SolutionConfigurationPlatforms) = preSolution
		Debug|Any CPU = Debug|Any CPU
		Release|Any CPU = Release|Any CPU
	EndGlobalSection
	GlobalSection(ProjectConfigurationPlatforms) = postSolution
		{B454391E-CE79-C02A-9604-6077DE6E0953}.Debug|Any CPU.ActiveCfg = Debug|Any CPU
		{B454391E-CE79-C02A-9604-6077DE6E0953}.Debug|Any CPU.Build.0 = Debug|Any CPU
		{B454391E-CE79-C02A-9604-6077DE6E0953}.Release|Any CPU.ActiveCfg = Release|Any CPU
		{B454391E-CE79-C02A-9604-6077DE6E0953}.Release|Any CPU.Build.0 = Release|Any CPU
		{77AB885F-4266-AAF2-A9E0-7F1CE296A5D9}.Debug|Any CPU.ActiveCfg = Debug|Any CPU
		{77AB885F-4266-AAF2-A9E0-7F1CE296A5D9}.Debug|Any CPU.Build.0 = Debug|Any CPU
		{77AB885F-4266-AAF2-A9E0-7F1CE296A5D9}.Release|Any CPU.ActiveCfg = Release|Any CPU
		{77AB885F-4266-AAF2-A9E0-7F1CE296A5D9}.Release|Any CPU.Build.0 = Release|Any CPU
	EndGlobalSection
	GlobalSection(SolutionProperties) = preSolution
		HideSolutionNode = FALSE
	EndGlobalSection
EndGlobal
